
Microsoft Visual Studio Solution File, Format Version 12.00
# Visual Studio Version 16
VisualStudioVersion = 16.0.28803.202
MinimumVisualStudioVersion = 10.0.40219.1
Project("{FAE04EC0-301F-11D3-BF4B-00C04F79EFBC}") = "Trailing_zeros", "Trailing_zeros\Trailing_zeros.csproj", "{1AC6F64A-A30C-4448-AB28-D1E9488E0E3A}"
EndProject
Global
	GlobalSection(SolutionConfigurationPlatforms) = preSolution
		Debug|Any CPU = Debug|Any CPU
		Release|Any CPU = Release|Any CPU
	EndGlobalSection
	GlobalSection(ProjectConfigurationPlatforms) = postSolution
		{1AC6F64A-A30C-4448-AB28-D1E9488E0E3A}.Debug|Any CPU.ActiveCfg = Debug|Any CPU
		{1AC6F64A-A30C-4448-AB28-D1E9488E0E3A}.Debug|Any CPU.Build.0 = Debug|Any CPU
		{1AC6F64A-A30C-4448-AB28-D1E9488E0E3A}.Release|Any CPU.ActiveCfg = Release|Any CPU
		{1AC6F64A-A30C-4448-AB28-D1E9488E0E3A}.Release|Any CPU.Build.0 = Release|Any CPU
	EndGlobalSection
	GlobalSection(SolutionProperties) = preSolution
		HideSolutionNode = FALSE
	EndGlobalSection
	GlobalSection(ExtensibilityGlobals) = postSolution
		SolutionGuid = {B95BBEDF-6B67-401B-B2AC-2037732969E6}
	EndGlobalSection
EndGlobal
